// !$*UTF8*$!
{
	archiveVersion = 1;
	classes = {
	};
	objectVersion = 46;
	objects = {

/* Begin PBXBuildFile section */
		2B2C60A31DD16FAC00925038 /* AppDelegate.swift in Sources */ = {isa = PBXBuildFile; fileRef = 2B2C60A21DD16FAC00925038 /* AppDelegate.swift */; };
		2B2C60A51DD16FAC00925038 /* ViewController.swift in Sources */ = {isa = PBXBuildFile; fileRef = 2B2C60A41DD16FAC00925038 /* ViewController.swift */; };
		2B2C60A81DD16FAC00925038 /* Main.storyboard in Resources */ = {isa = PBXBuildFile; fileRef = 2B2C60A61DD16FAC00925038 /* Main.storyboard */; };
		2B2C60AA1DD16FAC00925038 /* Assets.xcassets in Resources */ = {isa = PBXBuildFile; fileRef = 2B2C60A91DD16FAC00925038 /* Assets.xcassets */; };
		2B2C60AD1DD16FAC00925038 /* LaunchScreen.storyboard in Resources */ = {isa = PBXBuildFile; fileRef = 2B2C60AB1DD16FAC00925038 /* LaunchScreen.storyboard */; };
		2B2C60B91DD16FFF00925038 /* AppDefine.swift in Sources */ = {isa = PBXBuildFile; fileRef = 2B2C60B81DD16FFF00925038 /* AppDefine.swift */; };
		2B2C60BB1DD1752400925038 /* UserModel.swift in Sources */ = {isa = PBXBuildFile; fileRef = 2B2C60BA1DD1752400925038 /* UserModel.swift */; };
		2B2C60BD1DD177B500925038 /* LoginView.swift in Sources */ = {isa = PBXBuildFile; fileRef = 2B2C60BC1DD177B500925038 /* LoginView.swift */; };
		2BB10C201DD2C1CD00AD2A1F /* FMDatabase.m in Sources */ = {isa = PBXBuildFile; fileRef = 2BB10BFA1DD2C1CD00AD2A1F /* FMDatabase.m */; };
		2BB10C211DD2C1CD00AD2A1F /* FMDatabaseAdditions.m in Sources */ = {isa = PBXBuildFile; fileRef = 2BB10BFC1DD2C1CD00AD2A1F /* FMDatabaseAdditions.m */; };
		2BB10C221DD2C1CD00AD2A1F /* FMDatabasePool.m in Sources */ = {isa = PBXBuildFile; fileRef = 2BB10BFE1DD2C1CD00AD2A1F /* FMDatabasePool.m */; };
		2BB10C231DD2C1CD00AD2A1F /* FMDatabaseQueue.m in Sources */ = {isa = PBXBuildFile; fileRef = 2BB10C001DD2C1CD00AD2A1F /* FMDatabaseQueue.m */; };
		2BB10C241DD2C1CD00AD2A1F /* FMResultSet.m in Sources */ = {isa = PBXBuildFile; fileRef = 2BB10C031DD2C1CD00AD2A1F /* FMResultSet.m */; };
		2BB10C251DD2C1CD00AD2A1F /* DBSaveHelper.m in Sources */ = {isa = PBXBuildFile; fileRef = 2BB10C061DD2C1CD00AD2A1F /* DBSaveHelper.m */; };
		2BB10C261DD2C1CD00AD2A1F /* MJArgument.m in Sources */ = {isa = PBXBuildFile; fileRef = 2BB10C081DD2C1CD00AD2A1F /* MJArgument.m */; };
		2BB10C271DD2C1CD00AD2A1F /* MJConst.m in Sources */ = {isa = PBXBuildFile; fileRef = 2BB10C0A1DD2C1CD00AD2A1F /* MJConst.m */; };
		2BB10C281DD2C1CD00AD2A1F /* MJFoundation.m in Sources */ = {isa = PBXBuildFile; fileRef = 2BB10C0D1DD2C1CD00AD2A1F /* MJFoundation.m */; };
		2BB10C291DD2C1CD00AD2A1F /* MJIvar.m in Sources */ = {isa = PBXBuildFile; fileRef = 2BB10C0F1DD2C1CD00AD2A1F /* MJIvar.m */; };
		2BB10C2A1DD2C1CD00AD2A1F /* MJMember.m in Sources */ = {isa = PBXBuildFile; fileRef = 2BB10C111DD2C1CD00AD2A1F /* MJMember.m */; };
		2BB10C2B1DD2C1CD00AD2A1F /* MJMethod.m in Sources */ = {isa = PBXBuildFile; fileRef = 2BB10C131DD2C1CD00AD2A1F /* MJMethod.m */; };
		2BB10C2C1DD2C1CD00AD2A1F /* MJType.m in Sources */ = {isa = PBXBuildFile; fileRef = 2BB10C151DD2C1CD00AD2A1F /* MJType.m */; };
		2BB10C2D1DD2C1CD00AD2A1F /* MJTypeEncoding.m in Sources */ = {isa = PBXBuildFile; fileRef = 2BB10C171DD2C1CD00AD2A1F /* MJTypeEncoding.m */; };
		2BB10C2E1DD2C1CD00AD2A1F /* NSObject+MJCoding.m in Sources */ = {isa = PBXBuildFile; fileRef = 2BB10C191DD2C1CD00AD2A1F /* NSObject+MJCoding.m */; };
		2BB10C2F1DD2C1CD00AD2A1F /* NSObject+MJKeyValue.m in Sources */ = {isa = PBXBuildFile; fileRef = 2BB10C1B1DD2C1CD00AD2A1F /* NSObject+MJKeyValue.m */; };
		2BB10C301DD2C1CD00AD2A1F /* NSObject+MJMember.m in Sources */ = {isa = PBXBuildFile; fileRef = 2BB10C1D1DD2C1CD00AD2A1F /* NSObject+MJMember.m */; };
		2BB10C311DD2C1CD00AD2A1F /* ShaHeSave.m in Sources */ = {isa = PBXBuildFile; fileRef = 2BB10C1F1DD2C1CD00AD2A1F /* ShaHeSave.m */; };
		2BB10C351DD2C1D200AD2A1F /* DBChatModel.m in Sources */ = {isa = PBXBuildFile; fileRef = 2BB10C341DD2C1D200AD2A1F /* DBChatModel.m */; };
		2BB10C371DD2C1F600AD2A1F /* libsqlite3.0.tbd in Frameworks */ = {isa = PBXBuildFile; fileRef = 2BB10C361DD2C1F600AD2A1F /* libsqlite3.0.tbd */; };
		2BB10C3E1DD2CBE700AD2A1F /* NetWorkSessionManger.m in Sources */ = {isa = PBXBuildFile; fileRef = 2BB10C3D1DD2CBE700AD2A1F /* NetWorkSessionManger.m */; };
		2BB10C401DD2E75900AD2A1F /* HttpManager.swift in Sources */ = {isa = PBXBuildFile; fileRef = 2BB10C3F1DD2E75900AD2A1F /* HttpManager.swift */; };
		363B41EF6280FC2C9F121806 /* libPods-swift学习.a in Frameworks */ = {isa = PBXBuildFile; fileRef = 1F767A6561DD961082C71806 /* libPods-swift学习.a */; };
/* End PBXBuildFile section */

/* Begin PBXFileReference section */
		1F767A6561DD961082C71806 /* libPods-swift学习.a */ = {isa = PBXFileReference; explicitFileType = archive.ar; includeInIndex = 0; path = "libPods-swift学习.a"; sourceTree = BUILT_PRODUCTS_DIR; };
		2B2C609F1DD16FAC00925038 /* swift学习.app */ = {isa = PBXFileReference; explicitFileType = wrapper.application; includeInIndex = 0; path = "swift学习.app"; sourceTree = BUILT_PRODUCTS_DIR; };
		2B2C60A21DD16FAC00925038 /* AppDelegate.swift */ = {isa = PBXFileReference; lastKnownFileType = sourcecode.swift; path = AppDelegate.swift; sourceTree = "<group>"; };
		2B2C60A41DD16FAC00925038 /* ViewController.swift */ = {isa = PBXFileReference; lastKnownFileType = sourcecode.swift; name = ViewController.swift; path = ../ViewController.swift; sourceTree = "<group>"; };
		2B2C60A71DD16FAC00925038 /* Base */ = {isa = PBXFileReference; lastKnownFileType = file.storyboard; name = Base; path = Base.lproj/Main.storyboard; sourceTree = "<group>"; };
		2B2C60A91DD16FAC00925038 /* Assets.xcassets */ = {isa = PBXFileReference; lastKnownFileType = folder.assetcatalog; path = Assets.xcassets; sourceTree = "<group>"; };
		2B2C60AC1DD16FAC00925038 /* Base */ = {isa = PBXFileReference; lastKnownFileType = file.storyboard; name = Base; path = Base.lproj/LaunchScreen.storyboard; sourceTree = "<group>"; };
		2B2C60AE1DD16FAC00925038 /* Info.plist */ = {isa = PBXFileReference; lastKnownFileType = text.plist.xml; path = Info.plist; sourceTree = "<group>"; };
		2B2C60B81DD16FFF00925038 /* AppDefine.swift */ = {isa = PBXFileReference; fileEncoding = 4; lastKnownFileType = sourcecode.swift; path = AppDefine.swift; sourceTree = "<group>"; };
		2B2C60BA1DD1752400925038 /* UserModel.swift */ = {isa = PBXFileReference; fileEncoding = 4; lastKnownFileType = sourcecode.swift; path = UserModel.swift; sourceTree = "<group>"; };
		2B2C60BC1DD177B500925038 /* LoginView.swift */ = {isa = PBXFileReference; fileEncoding = 4; lastKnownFileType = sourcecode.swift; path = LoginView.swift; sourceTree = "<group>"; };
		2BB10BF91DD2C1CD00AD2A1F /* FMDatabase.h */ = {isa = PBXFileReference; fileEncoding = 4; lastKnownFileType = sourcecode.c.h; path = FMDatabase.h; sourceTree = "<group>"; };
		2BB10BFA1DD2C1CD00AD2A1F /* FMDatabase.m */ = {isa = PBXFileReference; fileEncoding = 4; lastKnownFileType = sourcecode.c.objc; path = FMDatabase.m; sourceTree = "<group>"; };
		2BB10BFB1DD2C1CD00AD2A1F /* FMDatabaseAdditions.h */ = {isa = PBXFileReference; fileEncoding = 4; lastKnownFileType = sourcecode.c.h; path = FMDatabaseAdditions.h; sourceTree = "<group>"; };
		2BB10BFC1DD2C1CD00AD2A1F /* FMDatabaseAdditions.m */ = {isa = PBXFileReference; fileEncoding = 4; lastKnownFileType = sourcecode.c.objc; path = FMDatabaseAdditions.m; sourceTree = "<group>"; };
		2BB10BFD1DD2C1CD00AD2A1F /* FMDatabasePool.h */ = {isa = PBXFileReference; fileEncoding = 4; lastKnownFileType = sourcecode.c.h; path = FMDatabasePool.h; sourceTree = "<group>"; };
		2BB10BFE1DD2C1CD00AD2A1F /* FMDatabasePool.m */ = {isa = PBXFileReference; fileEncoding = 4; lastKnownFileType = sourcecode.c.objc; path = FMDatabasePool.m; sourceTree = "<group>"; };
		2BB10BFF1DD2C1CD00AD2A1F /* FMDatabaseQueue.h */ = {isa = PBXFileReference; fileEncoding = 4; lastKnownFileType = sourcecode.c.h; path = FMDatabaseQueue.h; sourceTree = "<group>"; };
		2BB10C001DD2C1CD00AD2A1F /* FMDatabaseQueue.m */ = {isa = PBXFileReference; fileEncoding = 4; lastKnownFileType = sourcecode.c.objc; path = FMDatabaseQueue.m; sourceTree = "<group>"; };
		2BB10C011DD2C1CD00AD2A1F /* FMDB.h */ = {isa = PBXFileReference; fileEncoding = 4; lastKnownFileType = sourcecode.c.h; path = FMDB.h; sourceTree = "<group>"; };
		2BB10C021DD2C1CD00AD2A1F /* FMResultSet.h */ = {isa = PBXFileReference; fileEncoding = 4; lastKnownFileType = sourcecode.c.h; path = FMResultSet.h; sourceTree = "<group>"; };
		2BB10C031DD2C1CD00AD2A1F /* FMResultSet.m */ = {isa = PBXFileReference; fileEncoding = 4; lastKnownFileType = sourcecode.c.objc; path = FMResultSet.m; sourceTree = "<group>"; };
		2BB10C051DD2C1CD00AD2A1F /* DBSaveHelper.h */ = {isa = PBXFileReference; fileEncoding = 4; lastKnownFileType = sourcecode.c.h; path = DBSaveHelper.h; sourceTree = "<group>"; };
		2BB10C061DD2C1CD00AD2A1F /* DBSaveHelper.m */ = {isa = PBXFileReference; fileEncoding = 4; lastKnownFileType = sourcecode.c.objc; path = DBSaveHelper.m; sourceTree = "<group>"; };
		2BB10C071DD2C1CD00AD2A1F /* MJArgument.h */ = {isa = PBXFileReference; fileEncoding = 4; lastKnownFileType = sourcecode.c.h; path = MJArgument.h; sourceTree = "<group>"; };
		2BB10C081DD2C1CD00AD2A1F /* MJArgument.m */ = {isa = PBXFileReference; fileEncoding = 4; lastKnownFileType = sourcecode.c.objc; path = MJArgument.m; sourceTree = "<group>"; };
		2BB10C091DD2C1CD00AD2A1F /* MJConst.h */ = {isa = PBXFileReference; fileEncoding = 4; lastKnownFileType = sourcecode.c.h; path = MJConst.h; sourceTree = "<group>"; };
		2BB10C0A1DD2C1CD00AD2A1F /* MJConst.m */ = {isa = PBXFileReference; fileEncoding = 4; lastKnownFileType = sourcecode.c.objc; path = MJConst.m; sourceTree = "<group>"; };
		2BB10C0B1DD2C1CD00AD2A1F /* MJExtension.h */ = {isa = PBXFileReference; fileEncoding = 4; lastKnownFileType = sourcecode.c.h; path = MJExtension.h; sourceTree = "<group>"; };
		2BB10C0C1DD2C1CD00AD2A1F /* MJFoundation.h */ = {isa = PBXFileReference; fileEncoding = 4; lastKnownFileType = sourcecode.c.h; path = MJFoundation.h; sourceTree = "<group>"; };
		2BB10C0D1DD2C1CD00AD2A1F /* MJFoundation.m */ = {isa = PBXFileReference; fileEncoding = 4; lastKnownFileType = sourcecode.c.objc; path = MJFoundation.m; sourceTree = "<group>"; };
		2BB10C0E1DD2C1CD00AD2A1F /* MJIvar.h */ = {isa = PBXFileReference; fileEncoding = 4; lastKnownFileType = sourcecode.c.h; path = MJIvar.h; sourceTree = "<group>"; };
		2BB10C0F1DD2C1CD00AD2A1F /* MJIvar.m */ = {isa = PBXFileReference; fileEncoding = 4; lastKnownFileType = sourcecode.c.objc; path = MJIvar.m; sourceTree = "<group>"; };
		2BB10C101DD2C1CD00AD2A1F /* MJMember.h */ = {isa = PBXFileReference; fileEncoding = 4; lastKnownFileType = sourcecode.c.h; path = MJMember.h; sourceTree = "<group>"; };
		2BB10C111DD2C1CD00AD2A1F /* MJMember.m */ = {isa = PBXFileReference; fileEncoding = 4; lastKnownFileType = sourcecode.c.objc; path = MJMember.m; sourceTree = "<group>"; };
		2BB10C121DD2C1CD00AD2A1F /* MJMethod.h */ = {isa = PBXFileReference; fileEncoding = 4; lastKnownFileType = sourcecode.c.h; path = MJMethod.h; sourceTree = "<group>"; };
		2BB10C131DD2C1CD00AD2A1F /* MJMethod.m */ = {isa = PBXFileReference; fileEncoding = 4; lastKnownFileType = sourcecode.c.objc; path = MJMethod.m; sourceTree = "<group>"; };
		2BB10C141DD2C1CD00AD2A1F /* MJType.h */ = {isa = PBXFileReference; fileEncoding = 4; lastKnownFileType = sourcecode.c.h; path = MJType.h; sourceTree = "<group>"; };
		2BB10C151DD2C1CD00AD2A1F /* MJType.m */ = {isa = PBXFileReference; fileEncoding = 4; lastKnownFileType = sourcecode.c.objc; path = MJType.m; sourceTree = "<group>"; };
		2BB10C161DD2C1CD00AD2A1F /* MJTypeEncoding.h */ = {isa = PBXFileReference; fileEncoding = 4; lastKnownFileType = sourcecode.c.h; path = MJTypeEncoding.h; sourceTree = "<group>"; };
		2BB10C171DD2C1CD00AD2A1F /* MJTypeEncoding.m */ = {isa = PBXFileReference; fileEncoding = 4; lastKnownFileType = sourcecode.c.objc; path = MJTypeEncoding.m; sourceTree = "<group>"; };
		2BB10C181DD2C1CD00AD2A1F /* NSObject+MJCoding.h */ = {isa = PBXFileReference; fileEncoding = 4; lastKnownFileType = sourcecode.c.h; path = "NSObject+MJCoding.h"; sourceTree = "<group>"; };
		2BB10C191DD2C1CD00AD2A1F /* NSObject+MJCoding.m */ = {isa = PBXFileReference; fileEncoding = 4; lastKnownFileType = sourcecode.c.objc; path = "NSObject+MJCoding.m"; sourceTree = "<group>"; };
		2BB10C1A1DD2C1CD00AD2A1F /* NSObject+MJKeyValue.h */ = {isa = PBXFileReference; fileEncoding = 4; lastKnownFileType = sourcecode.c.h; path = "NSObject+MJKeyValue.h"; sourceTree = "<group>"; };
		2BB10C1B1DD2C1CD00AD2A1F /* NSObject+MJKeyValue.m */ = {isa = PBXFileReference; fileEncoding = 4; lastKnownFileType = sourcecode.c.objc; path = "NSObject+MJKeyValue.m"; sourceTree = "<group>"; };
		2BB10C1C1DD2C1CD00AD2A1F /* NSObject+MJMember.h */ = {isa = PBXFileReference; fileEncoding = 4; lastKnownFileType = sourcecode.c.h; path = "NSObject+MJMember.h"; sourceTree = "<group>"; };
		2BB10C1D1DD2C1CD00AD2A1F /* NSObject+MJMember.m */ = {isa = PBXFileReference; fileEncoding = 4; lastKnownFileType = sourcecode.c.objc; path = "NSObject+MJMember.m"; sourceTree = "<group>"; };
		2BB10C1E1DD2C1CD00AD2A1F /* ShaHeSave.h */ = {isa = PBXFileReference; fileEncoding = 4; lastKnownFileType = sourcecode.c.h; path = ShaHeSave.h; sourceTree = "<group>"; };
		2BB10C1F1DD2C1CD00AD2A1F /* ShaHeSave.m */ = {isa = PBXFileReference; fileEncoding = 4; lastKnownFileType = sourcecode.c.objc; path = ShaHeSave.m; sourceTree = "<group>"; };
		2BB10C331DD2C1D200AD2A1F /* DBChatModel.h */ = {isa = PBXFileReference; fileEncoding = 4; lastKnownFileType = sourcecode.c.h; path = DBChatModel.h; sourceTree = "<group>"; };
		2BB10C341DD2C1D200AD2A1F /* DBChatModel.m */ = {isa = PBXFileReference; fileEncoding = 4; lastKnownFileType = sourcecode.c.objc; path = DBChatModel.m; sourceTree = "<group>"; };
		2BB10C361DD2C1F600AD2A1F /* libsqlite3.0.tbd */ = {isa = PBXFileReference; lastKnownFileType = "sourcecode.text-based-dylib-definition"; name = libsqlite3.0.tbd; path = usr/lib/libsqlite3.0.tbd; sourceTree = SDKROOT; };
		2BB10C3B1DD2C48000AD2A1F /* Header.h */ = {isa = PBXFileReference; lastKnownFileType = sourcecode.c.h; path = Header.h; sourceTree = "<group>"; };
		2BB10C3C1DD2CBE700AD2A1F /* NetWorkSessionManger.h */ = {isa = PBXFileReference; fileEncoding = 4; lastKnownFileType = sourcecode.c.h; path = NetWorkSessionManger.h; sourceTree = "<group>"; };
		2BB10C3D1DD2CBE700AD2A1F /* NetWorkSessionManger.m */ = {isa = PBXFileReference; fileEncoding = 4; lastKnownFileType = sourcecode.c.objc; path = NetWorkSessionManger.m; sourceTree = "<group>"; };
		2BB10C3F1DD2E75900AD2A1F /* HttpManager.swift */ = {isa = PBXFileReference; fileEncoding = 4; lastKnownFileType = sourcecode.swift; path = HttpManager.swift; sourceTree = "<group>"; };
		6402ED5F1C4848BAA73F9FDE /* Pods-swift学习.release.xcconfig */ = {isa = PBXFileReference; includeInIndex = 1; lastKnownFileType = text.xcconfig; name = "Pods-swift学习.release.xcconfig"; path = "Pods/Target Support Files/Pods-swift学习/Pods-swift学习.release.xcconfig"; sourceTree = "<group>"; };
		BD17BB27C5A035184695101F /* Pods-swift学习.debug.xcconfig */ = {isa = PBXFileReference; includeInIndex = 1; lastKnownFileType = text.xcconfig; name = "Pods-swift学习.debug.xcconfig"; path = "Pods/Target Support Files/Pods-swift学习/Pods-swift学习.debug.xcconfig"; sourceTree = "<group>"; };
/* End PBXFileReference section */

/* Begin PBXFrameworksBuildPhase section */
		2B2C609C1DD16FAC00925038 /* Frameworks */ = {
			isa = PBXFrameworksBuildPhase;
			buildActionMask = 2147483647;
			files = (
				2BB10C371DD2C1F600AD2A1F /* libsqlite3.0.tbd in Frameworks */,
				363B41EF6280FC2C9F121806 /* libPods-swift学习.a in Frameworks */,
			);
			runOnlyForDeploymentPostprocessing = 0;
		};
/* End PBXFrameworksBuildPhase section */

/* Begin PBXGroup section */
		15DF64394B91921EAB5B5200 /* Pods */ = {
			isa = PBXGroup;
			children = (
				BD17BB27C5A035184695101F /* Pods-swift学习.debug.xcconfig */,
				6402ED5F1C4848BAA73F9FDE /* Pods-swift学习.release.xcconfig */,
			);
			name = Pods;
			sourceTree = "<group>";
		};
		2B2C60961DD16FAC00925038 = {
			isa = PBXGroup;
			children = (
				2B2C60A11DD16FAC00925038 /* swift学习 */,
				2B2C60A01DD16FAC00925038 /* Products */,
				15DF64394B91921EAB5B5200 /* Pods */,
				FF8323186B74948BAF3C29D4 /* Frameworks */,
			);
			sourceTree = "<group>";
		};
		2B2C60A01DD16FAC00925038 /* Products */ = {
			isa = PBXGroup;
			children = (
				2B2C609F1DD16FAC00925038 /* swift学习.app */,
			);
			name = Products;
			sourceTree = "<group>";
		};
		2B2C60A11DD16FAC00925038 /* swift学习 */ = {
			isa = PBXGroup;
			children = (
				2BB10BF71DD2C1CD00AD2A1F /* LocalDB */,
				2B2C60B41DD16FE000925038 /* Controller */,
				2B2C60B51DD16FE000925038 /* Model */,
				2B2C60B61DD16FE000925038 /* Tool */,
				2B2C60B71DD16FE000925038 /* View */,
				2B2C60A21DD16FAC00925038 /* AppDelegate.swift */,
				2B2C60A61DD16FAC00925038 /* Main.storyboard */,
				2B2C60A91DD16FAC00925038 /* Assets.xcassets */,
				2B2C60AB1DD16FAC00925038 /* LaunchScreen.storyboard */,
				2B2C60AE1DD16FAC00925038 /* Info.plist */,
			);
			path = "swift学习";
			sourceTree = "<group>";
		};
		2B2C60B41DD16FE000925038 /* Controller */ = {
			isa = PBXGroup;
			children = (
				2BB10C321DD2C1D200AD2A1F /* Model */,
				2B2C60A41DD16FAC00925038 /* ViewController.swift */,
			);
			path = Controller;
			sourceTree = "<group>";
		};
		2B2C60B51DD16FE000925038 /* Model */ = {
			isa = PBXGroup;
			children = (
				2B2C60BA1DD1752400925038 /* UserModel.swift */,
			);
			path = Model;
			sourceTree = "<group>";
		};
		2B2C60B61DD16FE000925038 /* Tool */ = {
			isa = PBXGroup;
			children = (
				2BB10C3C1DD2CBE700AD2A1F /* NetWorkSessionManger.h */,
				2BB10C3D1DD2CBE700AD2A1F /* NetWorkSessionManger.m */,
				2B2C60B81DD16FFF00925038 /* AppDefine.swift */,
				2BB10C3F1DD2E75900AD2A1F /* HttpManager.swift */,
			);
			path = Tool;
			sourceTree = "<group>";
		};
		2B2C60B71DD16FE000925038 /* View */ = {
			isa = PBXGroup;
			children = (
				2B2C60BC1DD177B500925038 /* LoginView.swift */,
			);
			path = View;
			sourceTree = "<group>";
		};
		2BB10BF71DD2C1CD00AD2A1F /* LocalDB */ = {
			isa = PBXGroup;
			children = (
				2BB10BF81DD2C1CD00AD2A1F /* FMDB */,
				2BB10C041DD2C1CD00AD2A1F /* MJExtension */,
				2BB10C1E1DD2C1CD00AD2A1F /* ShaHeSave.h */,
				2BB10C1F1DD2C1CD00AD2A1F /* ShaHeSave.m */,
			);
			path = LocalDB;
			sourceTree = "<group>";
		};
		2BB10BF81DD2C1CD00AD2A1F /* FMDB */ = {
			isa = PBXGroup;
			children = (
				2BB10BF91DD2C1CD00AD2A1F /* FMDatabase.h */,
				2BB10BFA1DD2C1CD00AD2A1F /* FMDatabase.m */,
				2BB10BFB1DD2C1CD00AD2A1F /* FMDatabaseAdditions.h */,
				2BB10BFC1DD2C1CD00AD2A1F /* FMDatabaseAdditions.m */,
				2BB10BFD1DD2C1CD00AD2A1F /* FMDatabasePool.h */,
				2BB10BFE1DD2C1CD00AD2A1F /* FMDatabasePool.m */,
				2BB10BFF1DD2C1CD00AD2A1F /* FMDatabaseQueue.h */,
				2BB10C001DD2C1CD00AD2A1F /* FMDatabaseQueue.m */,
				2BB10C011DD2C1CD00AD2A1F /* FMDB.h */,
				2BB10C021DD2C1CD00AD2A1F /* FMResultSet.h */,
				2BB10C031DD2C1CD00AD2A1F /* FMResultSet.m */,
			);
			path = FMDB;
			sourceTree = "<group>";
		};
		2BB10C041DD2C1CD00AD2A1F /* MJExtension */ = {
			isa = PBXGroup;
			children = (
				2BB10C051DD2C1CD00AD2A1F /* DBSaveHelper.h */,
				2BB10C061DD2C1CD00AD2A1F /* DBSaveHelper.m */,
				2BB10C071DD2C1CD00AD2A1F /* MJArgument.h */,
				2BB10C081DD2C1CD00AD2A1F /* MJArgument.m */,
				2BB10C091DD2C1CD00AD2A1F /* MJConst.h */,
				2BB10C0A1DD2C1CD00AD2A1F /* MJConst.m */,
				2BB10C0B1DD2C1CD00AD2A1F /* MJExtension.h */,
				2BB10C0C1DD2C1CD00AD2A1F /* MJFoundation.h */,
				2BB10C0D1DD2C1CD00AD2A1F /* MJFoundation.m */,
				2BB10C0E1DD2C1CD00AD2A1F /* MJIvar.h */,
				2BB10C0F1DD2C1CD00AD2A1F /* MJIvar.m */,
				2BB10C101DD2C1CD00AD2A1F /* MJMember.h */,
				2BB10C111DD2C1CD00AD2A1F /* MJMember.m */,
				2BB10C121DD2C1CD00AD2A1F /* MJMethod.h */,
				2BB10C131DD2C1CD00AD2A1F /* MJMethod.m */,
				2BB10C141DD2C1CD00AD2A1F /* MJType.h */,
				2BB10C151DD2C1CD00AD2A1F /* MJType.m */,
				2BB10C161DD2C1CD00AD2A1F /* MJTypeEncoding.h */,
				2BB10C171DD2C1CD00AD2A1F /* MJTypeEncoding.m */,
				2BB10C181DD2C1CD00AD2A1F /* NSObject+MJCoding.h */,
				2BB10C191DD2C1CD00AD2A1F /* NSObject+MJCoding.m */,
				2BB10C1A1DD2C1CD00AD2A1F /* NSObject+MJKeyValue.h */,
				2BB10C1B1DD2C1CD00AD2A1F /* NSObject+MJKeyValue.m */,
				2BB10C1C1DD2C1CD00AD2A1F /* NSObject+MJMember.h */,
				2BB10C1D1DD2C1CD00AD2A1F /* NSObject+MJMember.m */,
			);
			path = MJExtension;
			sourceTree = "<group>";
		};
		2BB10C321DD2C1D200AD2A1F /* Model */ = {
			isa = PBXGroup;
			children = (
				2BB10C331DD2C1D200AD2A1F /* DBChatModel.h */,
				2BB10C341DD2C1D200AD2A1F /* DBChatModel.m */,
				2BB10C3B1DD2C48000AD2A1F /* Header.h */,
			);
			path = Model;
			sourceTree = "<group>";
		};
		FF8323186B74948BAF3C29D4 /* Frameworks */ = {
			isa = PBXGroup;
			children = (
				2BB10C361DD2C1F600AD2A1F /* libsqlite3.0.tbd */,
				1F767A6561DD961082C71806 /* libPods-swift学习.a */,
			);
			name = Frameworks;
			sourceTree = "<group>";
		};
/* End PBXGroup section */

/* Begin PBXNativeTarget section */
		2B2C609E1DD16FAC00925038 /* swift学习 */ = {
			isa = PBXNativeTarget;
			buildConfigurationList = 2B2C60B11DD16FAC00925038 /* Build configuration list for PBXNativeTarget "swift学习" */;
			buildPhases = (
				A4BD494C72558E59050B4E75 /* [CP] Check Pods Manifest.lock */,
				2B2C609B1DD16FAC00925038 /* Sources */,
				2B2C609C1DD16FAC00925038 /* Frameworks */,
				2B2C609D1DD16FAC00925038 /* Resources */,
				89DC9045F2951FDA500EB3E8 /* [CP] Embed Pods Frameworks */,
				9FE18526BE073DFD09EC165F /* [CP] Copy Pods Resources */,
			);
			buildRules = (
			);
			dependencies = (
			);
			name = "swift学习";
			productName = "swift学习";
			productReference = 2B2C609F1DD16FAC00925038 /* swift学习.app */;
			productType = "com.apple.product-type.application";
		};
/* End PBXNativeTarget section */

/* Begin PBXProject section */
		2B2C60971DD16FAC00925038 /* Project object */ = {
			isa = PBXProject;
			attributes = {
				LastSwiftUpdateCheck = 0730;
				LastUpgradeCheck = 0730;
				ORGANIZATIONNAME = "彭金光";
				TargetAttributes = {
					2B2C609E1DD16FAC00925038 = {
						CreatedOnToolsVersion = 7.3.1;
					};
				};
			};
			buildConfigurationList = 2B2C609A1DD16FAC00925038 /* Build configuration list for PBXProject "swift学习" */;
			compatibilityVersion = "Xcode 3.2";
			developmentRegion = English;
			hasScannedForEncodings = 0;
			knownRegions = (
				en,
				Base,
			);
			mainGroup = 2B2C60961DD16FAC00925038;
			productRefGroup = 2B2C60A01DD16FAC00925038 /* Products */;
			projectDirPath = "";
			projectRoot = "";
			targets = (
				2B2C609E1DD16FAC00925038 /* swift学习 */,
			);
		};
/* End PBXProject section */

/* Begin PBXResourcesBuildPhase section */
		2B2C609D1DD16FAC00925038 /* Resources */ = {
			isa = PBXResourcesBuildPhase;
			buildActionMask = 2147483647;
			files = (
				2B2C60AD1DD16FAC00925038 /* LaunchScreen.storyboard in Resources */,
				2B2C60AA1DD16FAC00925038 /* Assets.xcassets in Resources */,
				2B2C60A81DD16FAC00925038 /* Main.storyboard in Resources */,
			);
			runOnlyForDeploymentPostprocessing = 0;
		};
/* End PBXResourcesBuildPhase section */

/* Begin PBXShellScriptBuildPhase section */
		89DC9045F2951FDA500EB3E8 /* [CP] Embed Pods Frameworks */ = {
			isa = PBXShellScriptBuildPhase;
			buildActionMask = 2147483647;
			files = (
			);
			inputPaths = (
			);
			name = "[CP] Embed Pods Frameworks";
			outputPaths = (
			);
			runOnlyForDeploymentPostprocessing = 0;
			shellPath = /bin/sh;
			shellScript = "\"${SRCROOT}/Pods/Target Support Files/Pods-swift学习/Pods-swift学习-frameworks.sh\"\n";
			showEnvVarsInLog = 0;
		};
		9FE18526BE073DFD09EC165F /* [CP] Copy Pods Resources */ = {
			isa = PBXShellScriptBuildPhase;
			buildActionMask = 2147483647;
			files = (
			);
			inputPaths = (
			);
			name = "[CP] Copy Pods Resources";
			outputPaths = (
			);
			runOnlyForDeploymentPostprocessing = 0;
			shellPath = /bin/sh;
			shellScript = "\"${SRCROOT}/Pods/Target Support Files/Pods-swift学习/Pods-swift学习-resources.sh\"\n";
			showEnvVarsInLog = 0;
		};
		A4BD494C72558E59050B4E75 /* [CP] Check Pods Manifest.lock */ = {
			isa = PBXShellScriptBuildPhase;
			buildActionMask = 2147483647;
			files = (
			);
			inputPaths = (
			);
			name = "[CP] Check Pods Manifest.lock";
			outputPaths = (
			);
			runOnlyForDeploymentPostprocessing = 0;
			shellPath = /bin/sh;
			shellScript = "diff \"${PODS_ROOT}/../Podfile.lock\" \"${PODS_ROOT}/Manifest.lock\" > /dev/null\nif [[ $? != 0 ]] ; then\n    cat << EOM\nerror: The sandbox is not in sync with the Podfile.lock. Run 'pod install' or update your CocoaPods installation.\nEOM\n    exit 1\nfi\n";
			showEnvVarsInLog = 0;
		};
/* End PBXShellScriptBuildPhase section */

/* Begin PBXSourcesBuildPhase section */
		2B2C609B1DD16FAC00925038 /* Sources */ = {
			isa = PBXSourcesBuildPhase;
			buildActionMask = 2147483647;
			files = (
				2BB10C291DD2C1CD00AD2A1F /* MJIvar.m in Sources */,
				2B2C60A51DD16FAC00925038 /* ViewController.swift in Sources */,
				2BB10C281DD2C1CD00AD2A1F /* MJFoundation.m in Sources */,
				2BB10C261DD2C1CD00AD2A1F /* MJArgument.m in Sources */,
				2BB10C2E1DD2C1CD00AD2A1F /* NSObject+MJCoding.m in Sources */,
				2BB10C2A1DD2C1CD00AD2A1F /* MJMember.m in Sources */,
				2BB10C2B1DD2C1CD00AD2A1F /* MJMethod.m in Sources */,
				2BB10C351DD2C1D200AD2A1F /* DBChatModel.m in Sources */,
				2B2C60A31DD16FAC00925038 /* AppDelegate.swift in Sources */,
				2BB10C301DD2C1CD00AD2A1F /* NSObject+MJMember.m in Sources */,
				2BB10C2D1DD2C1CD00AD2A1F /* MJTypeEncoding.m in Sources */,
				2BB10C401DD2E75900AD2A1F /* HttpManager.swift in Sources */,
				2B2C60BB1DD1752400925038 /* UserModel.swift in Sources */,
				2BB10C2F1DD2C1CD00AD2A1F /* NSObject+MJKeyValue.m in Sources */,
				2BB10C201DD2C1CD00AD2A1F /* FMDatabase.m in Sources */,
				2BB10C241DD2C1CD00AD2A1F /* FMResultSet.m in Sources */,
				2BB10C2C1DD2C1CD00AD2A1F /* MJType.m in Sources */,
				2BB10C311DD2C1CD00AD2A1F /* ShaHeSave.m in Sources */,
				2BB10C3E1DD2CBE700AD2A1F /* NetWorkSessionManger.m in Sources */,
				2B2C60BD1DD177B500925038 /* LoginView.swift in Sources */,
				2BB10C221DD2C1CD00AD2A1F /* FMDatabasePool.m in Sources */,
				2BB10C211DD2C1CD00AD2A1F /* FMDatabaseAdditions.m in Sources */,
				2B2C60B91DD16FFF00925038 /* AppDefine.swift in Sources */,
				2BB10C251DD2C1CD00AD2A1F /* DBSaveHelper.m in Sources */,
				2BB10C231DD2C1CD00AD2A1F /* FMDatabaseQueue.m in Sources */,
				2BB10C271DD2C1CD00AD2A1F /* MJConst.m in Sources */,
			);
			runOnlyForDeploymentPostprocessing = 0;
		};
/* End PBXSourcesBuildPhase section */

/* Begin PBXVariantGroup section */
		2B2C60A61DD16FAC00925038 /* Main.storyboard */ = {
			isa = PBXVariantGroup;
			children = (
				2B2C60A71DD16FAC00925038 /* Base */,
			);
			name = Main.storyboard;
			sourceTree = "<group>";
		};
		2B2C60AB1DD16FAC00925038 /* LaunchScreen.storyboard */ = {
			isa = PBXVariantGroup;
			children = (
				2B2C60AC1DD16FAC00925038 /* Base */,
			);
			name = LaunchScreen.storyboard;
			sourceTree = "<group>";
		};
/* End PBXVariantGroup section */

/* Begin XCBuildConfiguration section */
		2B2C60AF1DD16FAC00925038 /* Debug */ = {
			isa = XCBuildConfiguration;
			buildSettings = {
				ALWAYS_SEARCH_USER_PATHS = NO;
				CLANG_ANALYZER_NONNULL = YES;
				CLANG_CXX_LANGUAGE_STANDARD = "gnu++0x";
				CLANG_CXX_LIBRARY = "libc++";
				CLANG_ENABLE_MODULES = YES;
				CLANG_ENABLE_OBJC_ARC = YES;
				CLANG_WARN_BOOL_CONVERSION = YES;
				CLANG_WARN_CONSTANT_CONVERSION = YES;
				CLANG_WARN_DIRECT_OBJC_ISA_USAGE = YES_ERROR;
				CLANG_WARN_EMPTY_BODY = YES;
				CLANG_WARN_ENUM_CONVERSION = YES;
				CLANG_WARN_INT_CONVERSION = YES;
				CLANG_WARN_OBJC_ROOT_CLASS = YES_ERROR;
				CLANG_WARN_UNREACHABLE_CODE = YES;
				CLANG_WARN__DUPLICATE_METHOD_MATCH = YES;
				"CODE_SIGN_IDENTITY[sdk=iphoneos*]" = "iPhone Developer";
				COPY_PHASE_STRIP = NO;
				DEBUG_INFORMATION_FORMAT = dwarf;
				ENABLE_STRICT_OBJC_MSGSEND = YES;
				ENABLE_TESTABILITY = YES;
				GCC_C_LANGUAGE_STANDARD = gnu99;
				GCC_DYNAMIC_NO_PIC = NO;
				GCC_NO_COMMON_BLOCKS = YES;
				GCC_OPTIMIZATION_LEVEL = 0;
				GCC_PREPROCESSOR_DEFINITIONS = (
					"DEBUG=1",
					"$(inherited)",
				);
				GCC_WARN_64_TO_32_BIT_CONVERSION = YES;
				GCC_WARN_ABOUT_RETURN_TYPE = YES_ERROR;
				GCC_WARN_UNDECLARED_SELECTOR = YES;
				GCC_WARN_UNINITIALIZED_AUTOS = YES_AGGRESSIVE;
				GCC_WARN_UNUSED_FUNCTION = YES;
				GCC_WARN_UNUSED_VARIABLE = YES;
				IPHONEOS_DEPLOYMENT_TARGET = 9.3;
				MTL_ENABLE_DEBUG_INFO = YES;
				ONLY_ACTIVE_ARCH = YES;
				SDKROOT = iphoneos;
				SWIFT_OPTIMIZATION_LEVEL = "-Onone";
				TARGETED_DEVICE_FAMILY = "1,2";
			};
			name = Debug;
		};
		2B2C60B01DD16FAC00925038 /* Release */ = {
			isa = XCBuildConfiguration;
			buildSettings = {
				ALWAYS_SEARCH_USER_PATHS = NO;
				CLANG_ANALYZER_NONNULL = YES;
				CLANG_CXX_LANGUAGE_STANDARD = "gnu++0x";
				CLANG_CXX_LIBRARY = "libc++";
				CLANG_ENABLE_MODULES = YES;
				CLANG_ENABLE_OBJC_ARC = YES;
				CLANG_WARN_BOOL_CONVERSION = YES;
				CLANG_WARN_CONSTANT_CONVERSION = YES;
				CLANG_WARN_DIRECT_OBJC_ISA_USAGE = YES_ERROR;
				CLANG_WARN_EMPTY_BODY = YES;
				CLANG_WARN_ENUM_CONVERSION = YES;
				CLANG_WARN_INT_CONVERSION = YES;
				CLANG_WARN_OBJC_ROOT_CLASS = YES_ERROR;
				CLANG_WARN_UNREACHABLE_CODE = YES;
				CLANG_WARN__DUPLICATE_METHOD_MATCH = YES;
				"CODE_SIGN_IDENTITY[sdk=iphoneos*]" = "iPhone Developer";
				COPY_PHASE_STRIP = NO;
				DEBUG_INFORMATION_FORMAT = "dwarf-with-dsym";
				ENABLE_NS_ASSERTIONS = NO;
				ENABLE_STRICT_OBJC_MSGSEND = YES;
				GCC_C_LANGUAGE_STANDARD = gnu99;
				GCC_NO_COMMON_BLOCKS = YES;
				GCC_WARN_64_TO_32_BIT_CONVERSION = YES;
				GCC_WARN_ABOUT_RETURN_TYPE = YES_ERROR;
				GCC_WARN_UNDECLARED_SELECTOR = YES;
				GCC_WARN_UNINITIALIZED_AUTOS = YES_AGGRESSIVE;
				GCC_WARN_UNUSED_FUNCTION = YES;
				GCC_WARN_UNUSED_VARIABLE = YES;
				IPHONEOS_DEPLOYMENT_TARGET = 9.3;
				MTL_ENABLE_DEBUG_INFO = NO;
				SDKROOT = iphoneos;
				TARGETED_DEVICE_FAMILY = "1,2";
				VALIDATE_PRODUCT = YES;
			};
			name = Release;
		};
		2B2C60B21DD16FAC00925038 /* Debug */ = {
			isa = XCBuildConfiguration;
			baseConfigurationReference = BD17BB27C5A035184695101F /* Pods-swift学习.debug.xcconfig */;
			buildSettings = {
				ASSETCATALOG_COMPILER_APPICON_NAME = AppIcon;
				INFOPLIST_FILE = "swift学习/Info.plist";
				LD_RUNPATH_SEARCH_PATHS = "$(inherited) @executable_path/Frameworks";
				OTHER_SWIFT_FLAGS = "\"-D\" \"DEBUG\"";
				PRODUCT_BUNDLE_IDENTIFIER = "---.swift--";
				PRODUCT_NAME = "$(TARGET_NAME)";
				SWIFT_OBJC_BRIDGING_HEADER = "/Users/apple/Desktop/swift学习/swift学习/Controller/Model/Header.h";
			};
			name = Debug;
		};
		2B2C60B31DD16FAC00925038 /* Release */ = {
			isa = XCBuildConfiguration;
			baseConfigurationReference = 6402ED5F1C4848BAA73F9FDE /* Pods-swift学习.release.xcconfig */;
			buildSettings = {
				ASSETCATALOG_COMPILER_APPICON_NAME = AppIcon;
				INFOPLIST_FILE = "swift学习/Info.plist";
				LD_RUNPATH_SEARCH_PATHS = "$(inherited) @executable_path/Frameworks";
				PRODUCT_BUNDLE_IDENTIFIER = "---.swift--";
				PRODUCT_NAME = "$(TARGET_NAME)";
				SWIFT_OBJC_BRIDGING_HEADER = "/Users/apple/Desktop/swift学习/swift学习/Controller/Model/Header.h";
			};
			name = Release;
		};
/* End XCBuildConfiguration section */

/* Begin XCConfigurationList section */
		2B2C609A1DD16FAC00925038 /* Build configuration list for PBXProject "swift学习" */ = {
			isa = XCConfigurationList;
			buildConfigurations = (
				2B2C60AF1DD16FAC00925038 /* Debug */,
				2B2C60B01DD16FAC00925038 /* Release */,
			);
			defaultConfigurationIsVisible = 0;
			defaultConfigurationName = Release;
		};
		2B2C60B11DD16FAC00925038 /* Build configuration list for PBXNativeTarget "swift学习" */ = {
			isa = XCConfigurationList;
			buildConfigurations = (
				2B2C60B21DD16FAC00925038 /* Debug */,
				2B2C60B31DD16FAC00925038 /* Release */,
			);
			defaultConfigurationIsVisible = 0;
			defaultConfigurationName = Release;
		};
/* End XCConfigurationList section */
	};
	rootObject = 2B2C60971DD16FAC00925038 /* Project object */;
}
